PODS:
  - Alamofire (4.5.0)
  - EZSwiftExtensions (1.9)
  - Gloss (1.2.4)
  - Kingfisher (3.10.1)
  - Moya (8.0.5):
    - Moya/Core (= 8.0.5)
  - Moya-Gloss (2.0.1):
    - Moya-Gloss/Core (= 2.0.1)
  - Moya-Gloss/Core (2.0.1):
    - Gloss (~> 1.2)
    - Moya (~> 8.0)
  - Moya/Core (8.0.5):
    - Alamofire (~> 4.1)
    - Result (~> 3.0)
  - PageMenu (2.0.0)
  - Result (3.2.3)
  - SnapKit (3.2.0)

DEPENDENCIES:
  - EZSwiftExtensions
  - Kingfisher (~> 3.5)
  - Moya-Gloss
  - PageMenu
  - SnapKit (~> 3.2.0)

SPEC CHECKSUMS:
  Alamofire: f28cdffd29de33a7bfa022cbd63ae95a27fae140
  EZSwiftExtensions: ce22bf6fc5c6e7c883fec413300b006e123735d0
  Gloss: 4e036074610fdb993abcb958ebcd7332588e2333
  Kingfisher: 33a1b82140fcb14a9fc13f78dfde2a03ff8de8cb
  Moya: c37eec09a098ba9991b5a963b291fc5704bdb9ef
  Moya-Gloss: 59a96de0673f555e080afb381f8c4f932ae9fb1a
  PageMenu: 9c38fd7e0d9ef4b1408320f55bb907bbc0e538dc
  Result: 128640a6347e8d2ae48b142556739a2d13f90ce6
  SnapKit: 1ca44df72cfa543218d177cb8aab029d10d86ea7

PODFILE CHECKSUM: 614a418bec1a49f0d884678930b96f3c5339cfc4

COCOAPODS: 1.2.1
