// !$*UTF8*$!
{
	archiveVersion = 1;
	classes = {
	};
	objectVersion = 46;
	objects = {

/* Begin PBXBuildFile section */
		2372DC801F4FB72B0079D215 /* Identifier.swift in Sources */ = {isa = PBXBuildFile; fileRef = 2372DC7F1F4FB72B0079D215 /* Identifier.swift */; };
		2372DC851F4FBA7A0079D215 /* TitleCell.swift in Sources */ = {isa = PBXBuildFile; fileRef = 2372DC841F4FBA7A0079D215 /* TitleCell.swift */; };
		2372DC891F4FBB600079D215 /* Colors.swift in Sources */ = {isa = PBXBuildFile; fileRef = 2372DC861F4FBB600079D215 /* Colors.swift */; };
		2372DC8A1F4FBB600079D215 /* Singleton.swift in Sources */ = {isa = PBXBuildFile; fileRef = 2372DC871F4FBB600079D215 /* Singleton.swift */; };
		2372DC8B1F4FBB600079D215 /* Strings.swift in Sources */ = {isa = PBXBuildFile; fileRef = 2372DC881F4FBB600079D215 /* Strings.swift */; };
		2372DC8D1F4FBBF40079D215 /* Enums.swift in Sources */ = {isa = PBXBuildFile; fileRef = 2372DC8C1F4FBBF40079D215 /* Enums.swift */; };
		23A071331F49ABC90063902C /* APIService.swift in Sources */ = {isa = PBXBuildFile; fileRef = 23A070C51F49ABC90063902C /* APIService.swift */; };
		23A071341F49ABC90063902C /* AppCoordinator.swift in Sources */ = {isa = PBXBuildFile; fileRef = 23A070C71F49ABC90063902C /* AppCoordinator.swift */; };
		23A071351F49ABC90063902C /* HomeCoordinator.swift in Sources */ = {isa = PBXBuildFile; fileRef = 23A070C81F49ABC90063902C /* HomeCoordinator.swift */; };
		23A071361F49ABC90063902C /* ImageFullScreenCoordinator.swift in Sources */ = {isa = PBXBuildFile; fileRef = 23A070C91F49ABC90063902C /* ImageFullScreenCoordinator.swift */; };
		23A071371F49ABC90063902C /* MainTabCoordinator.swift in Sources */ = {isa = PBXBuildFile; fileRef = 23A070CA1F49ABC90063902C /* MainTabCoordinator.swift */; };
		23A071381F49ABC90063902C /* Coordinator.swift in Sources */ = {isa = PBXBuildFile; fileRef = 23A070CC1F49ABC90063902C /* Coordinator.swift */; };
		23A071391F49ABC90063902C /* NavigationCoordinator.swift in Sources */ = {isa = PBXBuildFile; fileRef = 23A070CD1F49ABC90063902C /* NavigationCoordinator.swift */; };
		23A0713A1F49ABC90063902C /* TabBarCoordinator.swift in Sources */ = {isa = PBXBuildFile; fileRef = 23A070CE1F49ABC90063902C /* TabBarCoordinator.swift */; };
		23A0713B1F49ABC90063902C /* SearchCoordinator.swift in Sources */ = {isa = PBXBuildFile; fileRef = 23A070CF1F49ABC90063902C /* SearchCoordinator.swift */; };
		23A0713C1F49ABC90063902C /* DetailsPresentable.swift in Sources */ = {isa = PBXBuildFile; fileRef = 23A070D11F49ABC90063902C /* DetailsPresentable.swift */; };
		23A071421F49ABC90063902C /* Photo.swift in Sources */ = {isa = PBXBuildFile; fileRef = 23A070DB1F49ABC90063902C /* Photo.swift */; };
		23A071431F49ABC90063902C /* PhotosModel.swift in Sources */ = {isa = PBXBuildFile; fileRef = 23A070DC1F49ABC90063902C /* PhotosModel.swift */; };
		23A071441F49ABC90063902C /* User.swift in Sources */ = {isa = PBXBuildFile; fileRef = 23A070DD1F49ABC90063902C /* User.swift */; };
		23A071481F49ABC90063902C /* BaseVC.swift in Sources */ = {isa = PBXBuildFile; fileRef = 23A070E41F49ABC90063902C /* BaseVC.swift */; };
		23A071491F49ABC90063902C /* HomeVC.swift in Sources */ = {isa = PBXBuildFile; fileRef = 23A070E61F49ABC90063902C /* HomeVC.swift */; };
		23A0714A1F49ABC90063902C /* PagePresenter.swift in Sources */ = {isa = PBXBuildFile; fileRef = 23A070E81F49ABC90063902C /* PagePresenter.swift */; };
		23A0714B1F49ABC90063902C /* PageVC.swift in Sources */ = {isa = PBXBuildFile; fileRef = 23A070E91F49ABC90063902C /* PageVC.swift */; };
		23A0714C1F49ABC90063902C /* PageViewProtocol.swift in Sources */ = {isa = PBXBuildFile; fileRef = 23A070EA1F49ABC90063902C /* PageViewProtocol.swift */; };
		23A0714D1F49ABC90063902C /* ImageFullScreenPresenter.swift in Sources */ = {isa = PBXBuildFile; fileRef = 23A070EC1F49ABC90063902C /* ImageFullScreenPresenter.swift */; };
		23A0714E1F49ABC90063902C /* ImageFullScreenVC.swift in Sources */ = {isa = PBXBuildFile; fileRef = 23A070ED1F49ABC90063902C /* ImageFullScreenVC.swift */; };
		23A0714F1F49ABC90063902C /* ImageFullScreenViewProtocol.swift in Sources */ = {isa = PBXBuildFile; fileRef = 23A070EE1F49ABC90063902C /* ImageFullScreenViewProtocol.swift */; };
		23A071501F49ABC90063902C /* SearchPresenter.swift in Sources */ = {isa = PBXBuildFile; fileRef = 23A070F01F49ABC90063902C /* SearchPresenter.swift */; };
		23A071511F49ABC90063902C /* SearchVC.swift in Sources */ = {isa = PBXBuildFile; fileRef = 23A070F11F49ABC90063902C /* SearchVC.swift */; };
		23A071521F49ABC90063902C /* SearchViewProtocol.swift in Sources */ = {isa = PBXBuildFile; fileRef = 23A070F21F49ABC90063902C /* SearchViewProtocol.swift */; };
		23A071531F49ABC90063902C /* ThumbCell.swift in Sources */ = {isa = PBXBuildFile; fileRef = 23A070F41F49ABC90063902C /* ThumbCell.swift */; };
		23A071541F49ABC90063902C /* TabBarVC.swift in Sources */ = {isa = PBXBuildFile; fileRef = 23A070F61F49ABC90063902C /* TabBarVC.swift */; };
		23A071551F49ABC90063902C /* OfflineRepository.swift in Sources */ = {isa = PBXBuildFile; fileRef = 23A070F91F49ABC90063902C /* OfflineRepository.swift */; };
		23A071561F49ABC90063902C /* PhotosOfflineRepoProtocal.swift in Sources */ = {isa = PBXBuildFile; fileRef = 23A070FA1F49ABC90063902C /* PhotosOfflineRepoProtocal.swift */; };
		23A071571F49ABC90063902C /* PhotosRepoProtocal.swift in Sources */ = {isa = PBXBuildFile; fileRef = 23A070FC1F49ABC90063902C /* PhotosRepoProtocal.swift */; };
		23A071581F49ABC90063902C /* PhotosRepository.swift in Sources */ = {isa = PBXBuildFile; fileRef = 23A070FD1F49ABC90063902C /* PhotosRepository.swift */; };
		23A071591F49ABC90063902C /* LaunchScreen.storyboard in Resources */ = {isa = PBXBuildFile; fileRef = 23A070FF1F49ABC90063902C /* LaunchScreen.storyboard */; };
		23A0715A1F49ABC90063902C /* AppDelegate.swift in Sources */ = {isa = PBXBuildFile; fileRef = 23A071011F49ABC90063902C /* AppDelegate.swift */; };
		23A0715B1F49ABC90063902C /* Assets.xcassets in Resources */ = {isa = PBXBuildFile; fileRef = 23A071021F49ABC90063902C /* Assets.xcassets */; };
		23A0715D1F49ABC90063902C /* Info.plist in Resources */ = {isa = PBXBuildFile; fileRef = 23A071041F49ABC90063902C /* Info.plist */; };
		23A0715E1F49ABC90063902C /* NVActivityIndicatorAnimationAudioEqualizer.swift in Sources */ = {isa = PBXBuildFile; fileRef = 23A0710B1F49ABC90063902C /* NVActivityIndicatorAnimationAudioEqualizer.swift */; };
		23A0715F1F49ABC90063902C /* NVActivityIndicatorAnimationBallBeat.swift in Sources */ = {isa = PBXBuildFile; fileRef = 23A0710C1F49ABC90063902C /* NVActivityIndicatorAnimationBallBeat.swift */; };
		23A071601F49ABC90063902C /* NVActivityIndicatorAnimationBallClipRotate.swift in Sources */ = {isa = PBXBuildFile; fileRef = 23A0710D1F49ABC90063902C /* NVActivityIndicatorAnimationBallClipRotate.swift */; };
		23A071611F49ABC90063902C /* NVActivityIndicatorAnimationBallClipRotateMultiple.swift in Sources */ = {isa = PBXBuildFile; fileRef = 23A0710E1F49ABC90063902C /* NVActivityIndicatorAnimationBallClipRotateMultiple.swift */; };
		23A071621F49ABC90063902C /* NVActivityIndicatorAnimationBallClipRotatePulse.swift in Sources */ = {isa = PBXBuildFile; fileRef = 23A0710F1F49ABC90063902C /* NVActivityIndicatorAnimationBallClipRotatePulse.swift */; };
		23A071631F49ABC90063902C /* NVActivityIndicatorAnimationBallGridBeat.swift in Sources */ = {isa = PBXBuildFile; fileRef = 23A071101F49ABC90063902C /* NVActivityIndicatorAnimationBallGridBeat.swift */; };
		23A071641F49ABC90063902C /* NVActivityIndicatorAnimationBallGridPulse.swift in Sources */ = {isa = PBXBuildFile; fileRef = 23A071111F49ABC90063902C /* NVActivityIndicatorAnimationBallGridPulse.swift */; };
		23A071651F49ABC90063902C /* NVActivityIndicatorAnimationBallPulse.swift in Sources */ = {isa = PBXBuildFile; fileRef = 23A071121F49ABC90063902C /* NVActivityIndicatorAnimationBallPulse.swift */; };
		23A071661F49ABC90063902C /* NVActivityIndicatorAnimationBallPulseRise.swift in Sources */ = {isa = PBXBuildFile; fileRef = 23A071131F49ABC90063902C /* NVActivityIndicatorAnimationBallPulseRise.swift */; };
		23A071671F49ABC90063902C /* NVActivityIndicatorAnimationBallPulseSync.swift in Sources */ = {isa = PBXBuildFile; fileRef = 23A071141F49ABC90063902C /* NVActivityIndicatorAnimationBallPulseSync.swift */; };
		23A071681F49ABC90063902C /* NVActivityIndicatorAnimationBallRotate.swift in Sources */ = {isa = PBXBuildFile; fileRef = 23A071151F49ABC90063902C /* NVActivityIndicatorAnimationBallRotate.swift */; };
		23A071691F49ABC90063902C /* NVActivityIndicatorAnimationBallRotateChase.swift in Sources */ = {isa = PBXBuildFile; fileRef = 23A071161F49ABC90063902C /* NVActivityIndicatorAnimationBallRotateChase.swift */; };
		23A0716A1F49ABC90063902C /* NVActivityIndicatorAnimationBallScale.swift in Sources */ = {isa = PBXBuildFile; fileRef = 23A071171F49ABC90063902C /* NVActivityIndicatorAnimationBallScale.swift */; };
		23A0716B1F49ABC90063902C /* NVActivityIndicatorAnimationBallScaleMultiple.swift in Sources */ = {isa = PBXBuildFile; fileRef = 23A071181F49ABC90063902C /* NVActivityIndicatorAnimationBallScaleMultiple.swift */; };
		23A0716C1F49ABC90063902C /* NVActivityIndicatorAnimationBallScaleRipple.swift in Sources */ = {isa = PBXBuildFile; fileRef = 23A071191F49ABC90063902C /* NVActivityIndicatorAnimationBallScaleRipple.swift */; };
		23A0716D1F49ABC90063902C /* NVActivityIndicatorAnimationBallScaleRippleMultiple.swift in Sources */ = {isa = PBXBuildFile; fileRef = 23A0711A1F49ABC90063902C /* NVActivityIndicatorAnimationBallScaleRippleMultiple.swift */; };
		23A0716E1F49ABC90063902C /* NVActivityIndicatorAnimationBallSpinFadeLoader.swift in Sources */ = {isa = PBXBuildFile; fileRef = 23A0711B1F49ABC90063902C /* NVActivityIndicatorAnimationBallSpinFadeLoader.swift */; };
		23A0716F1F49ABC90063902C /* NVActivityIndicatorAnimationBallTrianglePath.swift in Sources */ = {isa = PBXBuildFile; fileRef = 23A0711C1F49ABC90063902C /* NVActivityIndicatorAnimationBallTrianglePath.swift */; };
		23A071701F49ABC90063902C /* NVActivityIndicatorAnimationBallZigZag.swift in Sources */ = {isa = PBXBuildFile; fileRef = 23A0711D1F49ABC90063902C /* NVActivityIndicatorAnimationBallZigZag.swift */; };
		23A071711F49ABC90063902C /* NVActivityIndicatorAnimationBallZigZagDeflect.swift in Sources */ = {isa = PBXBuildFile; fileRef = 23A0711E1F49ABC90063902C /* NVActivityIndicatorAnimationBallZigZagDeflect.swift */; };
		23A071721F49ABC90063902C /* NVActivityIndicatorAnimationBlank.swift in Sources */ = {isa = PBXBuildFile; fileRef = 23A0711F1F49ABC90063902C /* NVActivityIndicatorAnimationBlank.swift */; };
		23A071731F49ABC90063902C /* NVActivityIndicatorAnimationCubeTransition.swift in Sources */ = {isa = PBXBuildFile; fileRef = 23A071201F49ABC90063902C /* NVActivityIndicatorAnimationCubeTransition.swift */; };
		23A071741F49ABC90063902C /* NVActivityIndicatorAnimationLineScale.swift in Sources */ = {isa = PBXBuildFile; fileRef = 23A071211F49ABC90063902C /* NVActivityIndicatorAnimationLineScale.swift */; };
		23A071751F49ABC90063902C /* NVActivityIndicatorAnimationLineScaleParty.swift in Sources */ = {isa = PBXBuildFile; fileRef = 23A071221F49ABC90063902C /* NVActivityIndicatorAnimationLineScaleParty.swift */; };
		23A071761F49ABC90063902C /* NVActivityIndicatorAnimationLineScalePulseOut.swift in Sources */ = {isa = PBXBuildFile; fileRef = 23A071231F49ABC90063902C /* NVActivityIndicatorAnimationLineScalePulseOut.swift */; };
		23A071771F49ABC90063902C /* NVActivityIndicatorAnimationLineScalePulseOutRapid.swift in Sources */ = {isa = PBXBuildFile; fileRef = 23A071241F49ABC90063902C /* NVActivityIndicatorAnimationLineScalePulseOutRapid.swift */; };
		23A071781F49ABC90063902C /* NVActivityIndicatorAnimationLineSpinFadeLoader.swift in Sources */ = {isa = PBXBuildFile; fileRef = 23A071251F49ABC90063902C /* NVActivityIndicatorAnimationLineSpinFadeLoader.swift */; };
		23A071791F49ABC90063902C /* NVActivityIndicatorAnimationOrbit.swift in Sources */ = {isa = PBXBuildFile; fileRef = 23A071261F49ABC90063902C /* NVActivityIndicatorAnimationOrbit.swift */; };
		23A0717A1F49ABC90063902C /* NVActivityIndicatorAnimationPacman.swift in Sources */ = {isa = PBXBuildFile; fileRef = 23A071271F49ABC90063902C /* NVActivityIndicatorAnimationPacman.swift */; };
		23A0717B1F49ABC90063902C /* NVActivityIndicatorAnimationSemiCircleSpin.swift in Sources */ = {isa = PBXBuildFile; fileRef = 23A071281F49ABC90063902C /* NVActivityIndicatorAnimationSemiCircleSpin.swift */; };
		23A0717C1F49ABC90063902C /* NVActivityIndicatorAnimationSquareSpin.swift in Sources */ = {isa = PBXBuildFile; fileRef = 23A071291F49ABC90063902C /* NVActivityIndicatorAnimationSquareSpin.swift */; };
		23A0717D1F49ABC90063902C /* NVActivityIndicatorAnimationTriangleSkewSpin.swift in Sources */ = {isa = PBXBuildFile; fileRef = 23A0712A1F49ABC90063902C /* NVActivityIndicatorAnimationTriangleSkewSpin.swift */; };
		23A0717E1F49ABC90063902C /* Info.plist in Resources */ = {isa = PBXBuildFile; fileRef = 23A0712B1F49ABC90063902C /* Info.plist */; };
		23A0717F1F49ABC90063902C /* NVActivityIndicatorAnimationDelegate.swift in Sources */ = {isa = PBXBuildFile; fileRef = 23A0712C1F49ABC90063902C /* NVActivityIndicatorAnimationDelegate.swift */; };
		23A071801F49ABC90063902C /* NVActivityIndicatorPresenter.swift in Sources */ = {isa = PBXBuildFile; fileRef = 23A0712D1F49ABC90063902C /* NVActivityIndicatorPresenter.swift */; };
		23A071811F49ABC90063902C /* NVActivityIndicatorShape.swift in Sources */ = {isa = PBXBuildFile; fileRef = 23A0712E1F49ABC90063902C /* NVActivityIndicatorShape.swift */; };
		23A071821F49ABC90063902C /* NVActivityIndicatorView.swift in Sources */ = {isa = PBXBuildFile; fileRef = 23A071301F49ABC90063902C /* NVActivityIndicatorView.swift */; };
		23A071831F49ABC90063902C /* NVActivityIndicatorViewable.swift in Sources */ = {isa = PBXBuildFile; fileRef = 23A071311F49ABC90063902C /* NVActivityIndicatorViewable.swift */; };
		23A071841F49ABC90063902C /* Utilities.swift in Sources */ = {isa = PBXBuildFile; fileRef = 23A071321F49ABC90063902C /* Utilities.swift */; };
		23A0D50C1F4F1B950010D769 /* HomePresenter.swift in Sources */ = {isa = PBXBuildFile; fileRef = 23A0D50B1F4F1B950010D769 /* HomePresenter.swift */; };
		23A0D50E1F4F45D00010D769 /* PageTabsVC.swift in Sources */ = {isa = PBXBuildFile; fileRef = 23A0D50D1F4F45D00010D769 /* PageTabsVC.swift */; };
		A03EE8A0D89BB350F9F70179 /* Pods_PhotoZone.framework in Frameworks */ = {isa = PBXBuildFile; fileRef = 67F6D21BC6B110316F7E3F55 /* Pods_PhotoZone.framework */; };
/* End PBXBuildFile section */

/* Begin PBXFileReference section */
		2372DC7F1F4FB72B0079D215 /* Identifier.swift */ = {isa = PBXFileReference; fileEncoding = 4; lastKnownFileType = sourcecode.swift; path = Identifier.swift; sourceTree = "<group>"; };
		2372DC841F4FBA7A0079D215 /* TitleCell.swift */ = {isa = PBXFileReference; fileEncoding = 4; lastKnownFileType = sourcecode.swift; path = TitleCell.swift; sourceTree = "<group>"; };
		2372DC861F4FBB600079D215 /* Colors.swift */ = {isa = PBXFileReference; fileEncoding = 4; lastKnownFileType = sourcecode.swift; path = Colors.swift; sourceTree = "<group>"; };
		2372DC871F4FBB600079D215 /* Singleton.swift */ = {isa = PBXFileReference; fileEncoding = 4; lastKnownFileType = sourcecode.swift; path = Singleton.swift; sourceTree = "<group>"; };
		2372DC881F4FBB600079D215 /* Strings.swift */ = {isa = PBXFileReference; fileEncoding = 4; lastKnownFileType = sourcecode.swift; path = Strings.swift; sourceTree = "<group>"; };
		2372DC8C1F4FBBF40079D215 /* Enums.swift */ = {isa = PBXFileReference; fileEncoding = 4; lastKnownFileType = sourcecode.swift; path = Enums.swift; sourceTree = "<group>"; };
		23A070C51F49ABC90063902C /* APIService.swift */ = {isa = PBXFileReference; fileEncoding = 4; lastKnownFileType = sourcecode.swift; path = APIService.swift; sourceTree = "<group>"; };
		23A070C71F49ABC90063902C /* AppCoordinator.swift */ = {isa = PBXFileReference; fileEncoding = 4; lastKnownFileType = sourcecode.swift; path = AppCoordinator.swift; sourceTree = "<group>"; };
		23A070C81F49ABC90063902C /* HomeCoordinator.swift */ = {isa = PBXFileReference; fileEncoding = 4; lastKnownFileType = sourcecode.swift; path = HomeCoordinator.swift; sourceTree = "<group>"; };
		23A070C91F49ABC90063902C /* ImageFullScreenCoordinator.swift */ = {isa = PBXFileReference; fileEncoding = 4; lastKnownFileType = sourcecode.swift; path = ImageFullScreenCoordinator.swift; sourceTree = "<group>"; };
		23A070CA1F49ABC90063902C /* MainTabCoordinator.swift */ = {isa = PBXFileReference; fileEncoding = 4; lastKnownFileType = sourcecode.swift; path = MainTabCoordinator.swift; sourceTree = "<group>"; };
		23A070CC1F49ABC90063902C /* Coordinator.swift */ = {isa = PBXFileReference; fileEncoding = 4; lastKnownFileType = sourcecode.swift; path = Coordinator.swift; sourceTree = "<group>"; };
		23A070CD1F49ABC90063902C /* NavigationCoordinator.swift */ = {isa = PBXFileReference; fileEncoding = 4; lastKnownFileType = sourcecode.swift; path = NavigationCoordinator.swift; sourceTree = "<group>"; };
		23A070CE1F49ABC90063902C /* TabBarCoordinator.swift */ = {isa = PBXFileReference; fileEncoding = 4; lastKnownFileType = sourcecode.swift; path = TabBarCoordinator.swift; sourceTree = "<group>"; };
		23A070CF1F49ABC90063902C /* SearchCoordinator.swift */ = {isa = PBXFileReference; fileEncoding = 4; lastKnownFileType = sourcecode.swift; path = SearchCoordinator.swift; sourceTree = "<group>"; };
		23A070D11F49ABC90063902C /* DetailsPresentable.swift */ = {isa = PBXFileReference; fileEncoding = 4; lastKnownFileType = sourcecode.swift; path = DetailsPresentable.swift; sourceTree = "<group>"; };
		23A070DB1F49ABC90063902C /* Photo.swift */ = {isa = PBXFileReference; fileEncoding = 4; lastKnownFileType = sourcecode.swift; path = Photo.swift; sourceTree = "<group>"; };
		23A070DC1F49ABC90063902C /* PhotosModel.swift */ = {isa = PBXFileReference; fileEncoding = 4; lastKnownFileType = sourcecode.swift; path = PhotosModel.swift; sourceTree = "<group>"; };
		23A070DD1F49ABC90063902C /* User.swift */ = {isa = PBXFileReference; fileEncoding = 4; lastKnownFileType = sourcecode.swift; path = User.swift; sourceTree = "<group>"; };
		23A070E41F49ABC90063902C /* BaseVC.swift */ = {isa = PBXFileReference; fileEncoding = 4; lastKnownFileType = sourcecode.swift; path = BaseVC.swift; sourceTree = "<group>"; };
		23A070E61F49ABC90063902C /* HomeVC.swift */ = {isa = PBXFileReference; fileEncoding = 4; lastKnownFileType = sourcecode.swift; path = HomeVC.swift; sourceTree = "<group>"; };
		23A070E81F49ABC90063902C /* PagePresenter.swift */ = {isa = PBXFileReference; fileEncoding = 4; lastKnownFileType = sourcecode.swift; path = PagePresenter.swift; sourceTree = "<group>"; };
		23A070E91F49ABC90063902C /* PageVC.swift */ = {isa = PBXFileReference; fileEncoding = 4; lastKnownFileType = sourcecode.swift; path = PageVC.swift; sourceTree = "<group>"; };
		23A070EA1F49ABC90063902C /* PageViewProtocol.swift */ = {isa = PBXFileReference; fileEncoding = 4; lastKnownFileType = sourcecode.swift; path = PageViewProtocol.swift; sourceTree = "<group>"; };
		23A070EC1F49ABC90063902C /* ImageFullScreenPresenter.swift */ = {isa = PBXFileReference; fileEncoding = 4; lastKnownFileType = sourcecode.swift; path = ImageFullScreenPresenter.swift; sourceTree = "<group>"; };
		23A070ED1F49ABC90063902C /* ImageFullScreenVC.swift */ = {isa = PBXFileReference; fileEncoding = 4; lastKnownFileType = sourcecode.swift; path = ImageFullScreenVC.swift; sourceTree = "<group>"; };
		23A070EE1F49ABC90063902C /* ImageFullScreenViewProtocol.swift */ = {isa = PBXFileReference; fileEncoding = 4; lastKnownFileType = sourcecode.swift; path = ImageFullScreenViewProtocol.swift; sourceTree = "<group>"; };
		23A070F01F49ABC90063902C /* SearchPresenter.swift */ = {isa = PBXFileReference; fileEncoding = 4; lastKnownFileType = sourcecode.swift; path = SearchPresenter.swift; sourceTree = "<group>"; };
		23A070F11F49ABC90063902C /* SearchVC.swift */ = {isa = PBXFileReference; fileEncoding = 4; lastKnownFileType = sourcecode.swift; path = SearchVC.swift; sourceTree = "<group>"; };
		23A070F21F49ABC90063902C /* SearchViewProtocol.swift */ = {isa = PBXFileReference; fileEncoding = 4; lastKnownFileType = sourcecode.swift; path = SearchViewProtocol.swift; sourceTree = "<group>"; };
		23A070F41F49ABC90063902C /* ThumbCell.swift */ = {isa = PBXFileReference; fileEncoding = 4; lastKnownFileType = sourcecode.swift; path = ThumbCell.swift; sourceTree = "<group>"; };
		23A070F61F49ABC90063902C /* TabBarVC.swift */ = {isa = PBXFileReference; fileEncoding = 4; lastKnownFileType = sourcecode.swift; path = TabBarVC.swift; sourceTree = "<group>"; };
		23A070F91F49ABC90063902C /* OfflineRepository.swift */ = {isa = PBXFileReference; fileEncoding = 4; lastKnownFileType = sourcecode.swift; path = OfflineRepository.swift; sourceTree = "<group>"; };
		23A070FA1F49ABC90063902C /* PhotosOfflineRepoProtocal.swift */ = {isa = PBXFileReference; fileEncoding = 4; lastKnownFileType = sourcecode.swift; path = PhotosOfflineRepoProtocal.swift; sourceTree = "<group>"; };
		23A070FC1F49ABC90063902C /* PhotosRepoProtocal.swift */ = {isa = PBXFileReference; fileEncoding = 4; lastKnownFileType = sourcecode.swift; path = PhotosRepoProtocal.swift; sourceTree = "<group>"; };
		23A070FD1F49ABC90063902C /* PhotosRepository.swift */ = {isa = PBXFileReference; fileEncoding = 4; lastKnownFileType = sourcecode.swift; path = PhotosRepository.swift; sourceTree = "<group>"; };
		23A070FF1F49ABC90063902C /* LaunchScreen.storyboard */ = {isa = PBXFileReference; fileEncoding = 4; lastKnownFileType = file.storyboard; path = LaunchScreen.storyboard; sourceTree = "<group>"; };
		23A071011F49ABC90063902C /* AppDelegate.swift */ = {isa = PBXFileReference; fileEncoding = 4; lastKnownFileType = sourcecode.swift; path = AppDelegate.swift; sourceTree = "<group>"; };
		23A071021F49ABC90063902C /* Assets.xcassets */ = {isa = PBXFileReference; lastKnownFileType = folder.assetcatalog; path = Assets.xcassets; sourceTree = "<group>"; };
		23A071041F49ABC90063902C /* Info.plist */ = {isa = PBXFileReference; fileEncoding = 4; lastKnownFileType = text.plist.xml; path = Info.plist; sourceTree = "<group>"; };
		23A071061F49ABC90063902C /* PhotoZone-Bridging-Header.h */ = {isa = PBXFileReference; fileEncoding = 4; lastKnownFileType = sourcecode.c.h; path = "PhotoZone-Bridging-Header.h"; sourceTree = "<group>"; };
		23A071071F49ABC90063902C /* tableViewEnumrationStylr.playground */ = {isa = PBXFileReference; lastKnownFileType = file.playground; path = tableViewEnumrationStylr.playground; sourceTree = "<group>"; };
		23A0710B1F49ABC90063902C /* NVActivityIndicatorAnimationAudioEqualizer.swift */ = {isa = PBXFileReference; fileEncoding = 4; lastKnownFileType = sourcecode.swift; path = NVActivityIndicatorAnimationAudioEqualizer.swift; sourceTree = "<group>"; };
		23A0710C1F49ABC90063902C /* NVActivityIndicatorAnimationBallBeat.swift */ = {isa = PBXFileReference; fileEncoding = 4; lastKnownFileType = sourcecode.swift; path = NVActivityIndicatorAnimationBallBeat.swift; sourceTree = "<group>"; };
		23A0710D1F49ABC90063902C /* NVActivityIndicatorAnimationBallClipRotate.swift */ = {isa = PBXFileReference; fileEncoding = 4; lastKnownFileType = sourcecode.swift; path = NVActivityIndicatorAnimationBallClipRotate.swift; sourceTree = "<group>"; };
		23A0710E1F49ABC90063902C /* NVActivityIndicatorAnimationBallClipRotateMultiple.swift */ = {isa = PBXFileReference; fileEncoding = 4; lastKnownFileType = sourcecode.swift; path = NVActivityIndicatorAnimationBallClipRotateMultiple.swift; sourceTree = "<group>"; };
		23A0710F1F49ABC90063902C /* NVActivityIndicatorAnimationBallClipRotatePulse.swift */ = {isa = PBXFileReference; fileEncoding = 4; lastKnownFileType = sourcecode.swift; path = NVActivityIndicatorAnimationBallClipRotatePulse.swift; sourceTree = "<group>"; };
		23A071101F49ABC90063902C /* NVActivityIndicatorAnimationBallGridBeat.swift */ = {isa = PBXFileReference; fileEncoding = 4; lastKnownFileType = sourcecode.swift; path = NVActivityIndicatorAnimationBallGridBeat.swift; sourceTree = "<group>"; };
		23A071111F49ABC90063902C /* NVActivityIndicatorAnimationBallGridPulse.swift */ = {isa = PBXFileReference; fileEncoding = 4; lastKnownFileType = sourcecode.swift; path = NVActivityIndicatorAnimationBallGridPulse.swift; sourceTree = "<group>"; };
		23A071121F49ABC90063902C /* NVActivityIndicatorAnimationBallPulse.swift */ = {isa = PBXFileReference; fileEncoding = 4; lastKnownFileType = sourcecode.swift; path = NVActivityIndicatorAnimationBallPulse.swift; sourceTree = "<group>"; };
		23A071131F49ABC90063902C /* NVActivityIndicatorAnimationBallPulseRise.swift */ = {isa = PBXFileReference; fileEncoding = 4; lastKnownFileType = sourcecode.swift; path = NVActivityIndicatorAnimationBallPulseRise.swift; sourceTree = "<group>"; };
		23A071141F49ABC90063902C /* NVActivityIndicatorAnimationBallPulseSync.swift */ = {isa = PBXFileReference; fileEncoding = 4; lastKnownFileType = sourcecode.swift; path = NVActivityIndicatorAnimationBallPulseSync.swift; sourceTree = "<group>"; };
		23A071151F49ABC90063902C /* NVActivityIndicatorAnimationBallRotate.swift */ = {isa = PBXFileReference; fileEncoding = 4; lastKnownFileType = sourcecode.swift; path = NVActivityIndicatorAnimationBallRotate.swift; sourceTree = "<group>"; };
		23A071161F49ABC90063902C /* NVActivityIndicatorAnimationBallRotateChase.swift */ = {isa = PBXFileReference; fileEncoding = 4; lastKnownFileType = sourcecode.swift; path = NVActivityIndicatorAnimationBallRotateChase.swift; sourceTree = "<group>"; };
		23A071171F49ABC90063902C /* NVActivityIndicatorAnimationBallScale.swift */ = {isa = PBXFileReference; fileEncoding = 4; lastKnownFileType = sourcecode.swift; path = NVActivityIndicatorAnimationBallScale.swift; sourceTree = "<group>"; };
		23A071181F49ABC90063902C /* NVActivityIndicatorAnimationBallScaleMultiple.swift */ = {isa = PBXFileReference; fileEncoding = 4; lastKnownFileType = sourcecode.swift; path = NVActivityIndicatorAnimationBallScaleMultiple.swift; sourceTree = "<group>"; };
		23A071191F49ABC90063902C /* NVActivityIndicatorAnimationBallScaleRipple.swift */ = {isa = PBXFileReference; fileEncoding = 4; lastKnownFileType = sourcecode.swift; path = NVActivityIndicatorAnimationBallScaleRipple.swift; sourceTree = "<group>"; };
		23A0711A1F49ABC90063902C /* NVActivityIndicatorAnimationBallScaleRippleMultiple.swift */ = {isa = PBXFileReference; fileEncoding = 4; lastKnownFileType = sourcecode.swift; path = NVActivityIndicatorAnimationBallScaleRippleMultiple.swift; sourceTree = "<group>"; };
		23A0711B1F49ABC90063902C /* NVActivityIndicatorAnimationBallSpinFadeLoader.swift */ = {isa = PBXFileReference; fileEncoding = 4; lastKnownFileType = sourcecode.swift; path = NVActivityIndicatorAnimationBallSpinFadeLoader.swift; sourceTree = "<group>"; };
		23A0711C1F49ABC90063902C /* NVActivityIndicatorAnimationBallTrianglePath.swift */ = {isa = PBXFileReference; fileEncoding = 4; lastKnownFileType = sourcecode.swift; path = NVActivityIndicatorAnimationBallTrianglePath.swift; sourceTree = "<group>"; };
		23A0711D1F49ABC90063902C /* NVActivityIndicatorAnimationBallZigZag.swift */ = {isa = PBXFileReference; fileEncoding = 4; lastKnownFileType = sourcecode.swift; path = NVActivityIndicatorAnimationBallZigZag.swift; sourceTree = "<group>"; };
		23A0711E1F49ABC90063902C /* NVActivityIndicatorAnimationBallZigZagDeflect.swift */ = {isa = PBXFileReference; fileEncoding = 4; lastKnownFileType = sourcecode.swift; path = NVActivityIndicatorAnimationBallZigZagDeflect.swift; sourceTree = "<group>"; };
		23A0711F1F49ABC90063902C /* NVActivityIndicatorAnimationBlank.swift */ = {isa = PBXFileReference; fileEncoding = 4; lastKnownFileType = sourcecode.swift; path = NVActivityIndicatorAnimationBlank.swift; sourceTree = "<group>"; };
		23A071201F49ABC90063902C /* NVActivityIndicatorAnimationCubeTransition.swift */ = {isa = PBXFileReference; fileEncoding = 4; lastKnownFileType = sourcecode.swift; path = NVActivityIndicatorAnimationCubeTransition.swift; sourceTree = "<group>"; };
		23A071211F49ABC90063902C /* NVActivityIndicatorAnimationLineScale.swift */ = {isa = PBXFileReference; fileEncoding = 4; lastKnownFileType = sourcecode.swift; path = NVActivityIndicatorAnimationLineScale.swift; sourceTree = "<group>"; };
		23A071221F49ABC90063902C /* NVActivityIndicatorAnimationLineScaleParty.swift */ = {isa = PBXFileReference; fileEncoding = 4; lastKnownFileType = sourcecode.swift; path = NVActivityIndicatorAnimationLineScaleParty.swift; sourceTree = "<group>"; };
		23A071231F49ABC90063902C /* NVActivityIndicatorAnimationLineScalePulseOut.swift */ = {isa = PBXFileReference; fileEncoding = 4; lastKnownFileType = sourcecode.swift; path = NVActivityIndicatorAnimationLineScalePulseOut.swift; sourceTree = "<group>"; };
		23A071241F49ABC90063902C /* NVActivityIndicatorAnimationLineScalePulseOutRapid.swift */ = {isa = PBXFileReference; fileEncoding = 4; lastKnownFileType = sourcecode.swift; path = NVActivityIndicatorAnimationLineScalePulseOutRapid.swift; sourceTree = "<group>"; };
		23A071251F49ABC90063902C /* NVActivityIndicatorAnimationLineSpinFadeLoader.swift */ = {isa = PBXFileReference; fileEncoding = 4; lastKnownFileType = sourcecode.swift; path = NVActivityIndicatorAnimationLineSpinFadeLoader.swift; sourceTree = "<group>"; };
		23A071261F49ABC90063902C /* NVActivityIndicatorAnimationOrbit.swift */ = {isa = PBXFileReference; fileEncoding = 4; lastKnownFileType = sourcecode.swift; path = NVActivityIndicatorAnimationOrbit.swift; sourceTree = "<group>"; };
		23A071271F49ABC90063902C /* NVActivityIndicatorAnimationPacman.swift */ = {isa = PBXFileReference; fileEncoding = 4; lastKnownFileType = sourcecode.swift; path = NVActivityIndicatorAnimationPacman.swift; sourceTree = "<group>"; };
		23A071281F49ABC90063902C /* NVActivityIndicatorAnimationSemiCircleSpin.swift */ = {isa = PBXFileReference; fileEncoding = 4; lastKnownFileType = sourcecode.swift; path = NVActivityIndicatorAnimationSemiCircleSpin.swift; sourceTree = "<group>"; };
		23A071291F49ABC90063902C /* NVActivityIndicatorAnimationSquareSpin.swift */ = {isa = PBXFileReference; fileEncoding = 4; lastKnownFileType = sourcecode.swift; path = NVActivityIndicatorAnimationSquareSpin.swift; sourceTree = "<group>"; };
		23A0712A1F49ABC90063902C /* NVActivityIndicatorAnimationTriangleSkewSpin.swift */ = {isa = PBXFileReference; fileEncoding = 4; lastKnownFileType = sourcecode.swift; path = NVActivityIndicatorAnimationTriangleSkewSpin.swift; sourceTree = "<group>"; };
		23A0712B1F49ABC90063902C /* Info.plist */ = {isa = PBXFileReference; fileEncoding = 4; lastKnownFileType = text.plist.xml; path = Info.plist; sourceTree = "<group>"; };
		23A0712C1F49ABC90063902C /* NVActivityIndicatorAnimationDelegate.swift */ = {isa = PBXFileReference; fileEncoding = 4; lastKnownFileType = sourcecode.swift; path = NVActivityIndicatorAnimationDelegate.swift; sourceTree = "<group>"; };
		23A0712D1F49ABC90063902C /* NVActivityIndicatorPresenter.swift */ = {isa = PBXFileReference; fileEncoding = 4; lastKnownFileType = sourcecode.swift; path = NVActivityIndicatorPresenter.swift; sourceTree = "<group>"; };
		23A0712E1F49ABC90063902C /* NVActivityIndicatorShape.swift */ = {isa = PBXFileReference; fileEncoding = 4; lastKnownFileType = sourcecode.swift; path = NVActivityIndicatorShape.swift; sourceTree = "<group>"; };
		23A0712F1F49ABC90063902C /* NVActivityIndicatorView.h */ = {isa = PBXFileReference; fileEncoding = 4; lastKnownFileType = sourcecode.c.h; path = NVActivityIndicatorView.h; sourceTree = "<group>"; };
		23A071301F49ABC90063902C /* NVActivityIndicatorView.swift */ = {isa = PBXFileReference; fileEncoding = 4; lastKnownFileType = sourcecode.swift; path = NVActivityIndicatorView.swift; sourceTree = "<group>"; };
		23A071311F49ABC90063902C /* NVActivityIndicatorViewable.swift */ = {isa = PBXFileReference; fileEncoding = 4; lastKnownFileType = sourcecode.swift; path = NVActivityIndicatorViewable.swift; sourceTree = "<group>"; };
		23A071321F49ABC90063902C /* Utilities.swift */ = {isa = PBXFileReference; fileEncoding = 4; lastKnownFileType = sourcecode.swift; path = Utilities.swift; sourceTree = "<group>"; };
		23A0D50B1F4F1B950010D769 /* HomePresenter.swift */ = {isa = PBXFileReference; fileEncoding = 4; lastKnownFileType = sourcecode.swift; path = HomePresenter.swift; sourceTree = "<group>"; };
		23A0D50D1F4F45D00010D769 /* PageTabsVC.swift */ = {isa = PBXFileReference; fileEncoding = 4; lastKnownFileType = sourcecode.swift; name = PageTabsVC.swift; path = PhotoZone/PhotoZoneApp/PageTabsVC.swift; sourceTree = SOURCE_ROOT; };
		2A0B61FC1EE76DC400748DE8 /* PhotoZone.app */ = {isa = PBXFileReference; explicitFileType = wrapper.application; includeInIndex = 0; path = PhotoZone.app; sourceTree = BUILT_PRODUCTS_DIR; };
		63729EAFE026BE9C46A58D6F /* Pods-PhotoZone.debug.xcconfig */ = {isa = PBXFileReference; includeInIndex = 1; lastKnownFileType = text.xcconfig; name = "Pods-PhotoZone.debug.xcconfig"; path = "Pods/Target Support Files/Pods-PhotoZone/Pods-PhotoZone.debug.xcconfig"; sourceTree = "<group>"; };
		67F6D21BC6B110316F7E3F55 /* Pods_PhotoZone.framework */ = {isa = PBXFileReference; explicitFileType = wrapper.framework; includeInIndex = 0; path = Pods_PhotoZone.framework; sourceTree = BUILT_PRODUCTS_DIR; };
		9DEAF09C74211D29F2815F4F /* Pods-PhotoZone.release.xcconfig */ = {isa = PBXFileReference; includeInIndex = 1; lastKnownFileType = text.xcconfig; name = "Pods-PhotoZone.release.xcconfig"; path = "Pods/Target Support Files/Pods-PhotoZone/Pods-PhotoZone.release.xcconfig"; sourceTree = "<group>"; };
/* End PBXFileReference section */

/* Begin PBXFrameworksBuildPhase section */
		2A0B61F91EE76DC400748DE8 /* Frameworks */ = {
			isa = PBXFrameworksBuildPhase;
			buildActionMask = 2147483647;
			files = (
				A03EE8A0D89BB350F9F70179 /* Pods_PhotoZone.framework in Frameworks */,
			);
			runOnlyForDeploymentPostprocessing = 0;
		};
/* End PBXFrameworksBuildPhase section */

/* Begin PBXGroup section */
		2372DC831F4FBA7A0079D215 /* Cells */ = {
			isa = PBXGroup;
			children = (
				2372DC841F4FBA7A0079D215 /* TitleCell.swift */,
			);
			path = Cells;
			sourceTree = "<group>";
		};
		23A070C31F49ABC90063902C /* PhotoZone */ = {
			isa = PBXGroup;
			children = (
				23A070C41F49ABC90063902C /* APIService */,
				23A070C61F49ABC90063902C /* Coordinators */,
				23A070D21F49ABC90063902C /* Models */,
				23A070E31F49ABC90063902C /* PhotoZoneApp */,
				23A070F71F49ABC90063902C /* Repositories */,
				23A070FE1F49ABC90063902C /* Storyboards */,
				23A071001F49ABC90063902C /* SupportingFiles */,
				23A071081F49ABC90063902C /* Utilities */,
			);
			path = PhotoZone;
			sourceTree = "<group>";
		};
		23A070C41F49ABC90063902C /* APIService */ = {
			isa = PBXGroup;
			children = (
				23A070C51F49ABC90063902C /* APIService.swift */,
			);
			path = APIService;
			sourceTree = "<group>";
		};
		23A070C61F49ABC90063902C /* Coordinators */ = {
			isa = PBXGroup;
			children = (
				23A070C71F49ABC90063902C /* AppCoordinator.swift */,
				23A070C81F49ABC90063902C /* HomeCoordinator.swift */,
				23A070C91F49ABC90063902C /* ImageFullScreenCoordinator.swift */,
				23A070CA1F49ABC90063902C /* MainTabCoordinator.swift */,
				23A070CB1F49ABC90063902C /* Protocols */,
				23A070CF1F49ABC90063902C /* SearchCoordinator.swift */,
				23A070D01F49ABC90063902C /* Transitions */,
			);
			path = Coordinators;
			sourceTree = "<group>";
		};
		23A070CB1F49ABC90063902C /* Protocols */ = {
			isa = PBXGroup;
			children = (
				23A070CC1F49ABC90063902C /* Coordinator.swift */,
				23A070CD1F49ABC90063902C /* NavigationCoordinator.swift */,
				23A070CE1F49ABC90063902C /* TabBarCoordinator.swift */,
			);
			path = Protocols;
			sourceTree = "<group>";
		};
		23A070D01F49ABC90063902C /* Transitions */ = {
			isa = PBXGroup;
			children = (
				23A070D11F49ABC90063902C /* DetailsPresentable.swift */,
			);
			path = Transitions;
			sourceTree = "<group>";
		};
		23A070D21F49ABC90063902C /* Models */ = {
			isa = PBXGroup;
			children = (
				23A070D91F49ABC90063902C /* Entities */,
			);
			path = Models;
			sourceTree = "<group>";
		};
		23A070D91F49ABC90063902C /* Entities */ = {
			isa = PBXGroup;
			children = (
				23A070DA1F49ABC90063902C /* PhotosModel */,
			);
			path = Entities;
			sourceTree = "<group>";
		};
		23A070DA1F49ABC90063902C /* PhotosModel */ = {
			isa = PBXGroup;
			children = (
				23A070DB1F49ABC90063902C /* Photo.swift */,
				23A070DC1F49ABC90063902C /* PhotosModel.swift */,
				23A070DD1F49ABC90063902C /* User.swift */,
			);
			path = PhotosModel;
			sourceTree = "<group>";
		};
		23A070E31F49ABC90063902C /* PhotoZoneApp */ = {
			isa = PBXGroup;
			children = (
				23A070E41F49ABC90063902C /* BaseVC.swift */,
				23A0D50D1F4F45D00010D769 /* PageTabsVC.swift */,
				23A070F51F49ABC90063902C /* TabBarView */,
				23A070E51F49ABC90063902C /* Home */,
				23A070EB1F49ABC90063902C /* ImageFullScreen */,
				23A070EF1F49ABC90063902C /* Search */,
				23A070F31F49ABC90063902C /* SharedCells */,
			);
			path = PhotoZoneApp;
			sourceTree = "<group>";
		};
		23A070E51F49ABC90063902C /* Home */ = {
			isa = PBXGroup;
			children = (
				23A070E61F49ABC90063902C /* HomeVC.swift */,
				23A0D50B1F4F1B950010D769 /* HomePresenter.swift */,
				2372DC831F4FBA7A0079D215 /* Cells */,
				23A070E71F49ABC90063902C /* Page */,
			);
			path = Home;
			sourceTree = "<group>";
		};
		23A070E71F49ABC90063902C /* Page */ = {
			isa = PBXGroup;
			children = (
				23A070E81F49ABC90063902C /* PagePresenter.swift */,
				23A070E91F49ABC90063902C /* PageVC.swift */,
				23A070EA1F49ABC90063902C /* PageViewProtocol.swift */,
			);
			path = Page;
			sourceTree = "<group>";
		};
		23A070EB1F49ABC90063902C /* ImageFullScreen */ = {
			isa = PBXGroup;
			children = (
				23A070EC1F49ABC90063902C /* ImageFullScreenPresenter.swift */,
				23A070ED1F49ABC90063902C /* ImageFullScreenVC.swift */,
				23A070EE1F49ABC90063902C /* ImageFullScreenViewProtocol.swift */,
			);
			path = ImageFullScreen;
			sourceTree = "<group>";
		};
		23A070EF1F49ABC90063902C /* Search */ = {
			isa = PBXGroup;
			children = (
				23A070F01F49ABC90063902C /* SearchPresenter.swift */,
				23A070F11F49ABC90063902C /* SearchVC.swift */,
				23A070F21F49ABC90063902C /* SearchViewProtocol.swift */,
			);
			path = Search;
			sourceTree = "<group>";
		};
		23A070F31F49ABC90063902C /* SharedCells */ = {
			isa = PBXGroup;
			children = (
				23A070F41F49ABC90063902C /* ThumbCell.swift */,
			);
			path = SharedCells;
			sourceTree = "<group>";
		};
		23A070F51F49ABC90063902C /* TabBarView */ = {
			isa = PBXGroup;
			children = (
				23A070F61F49ABC90063902C /* TabBarVC.swift */,
			);
			path = TabBarView;
			sourceTree = "<group>";
		};
		23A070F71F49ABC90063902C /* Repositories */ = {
			isa = PBXGroup;
			children = (
				23A070F81F49ABC90063902C /* OfflineRepository */,
				23A070FB1F49ABC90063902C /* PhotosRepository */,
			);
			path = Repositories;
			sourceTree = "<group>";
		};
		23A070F81F49ABC90063902C /* OfflineRepository */ = {
			isa = PBXGroup;
			children = (
				23A070F91F49ABC90063902C /* OfflineRepository.swift */,
				23A070FA1F49ABC90063902C /* PhotosOfflineRepoProtocal.swift */,
			);
			path = OfflineRepository;
			sourceTree = "<group>";
		};
		23A070FB1F49ABC90063902C /* PhotosRepository */ = {
			isa = PBXGroup;
			children = (
				23A070FC1F49ABC90063902C /* PhotosRepoProtocal.swift */,
				23A070FD1F49ABC90063902C /* PhotosRepository.swift */,
			);
			path = PhotosRepository;
			sourceTree = "<group>";
		};
		23A070FE1F49ABC90063902C /* Storyboards */ = {
			isa = PBXGroup;
			children = (
				23A070FF1F49ABC90063902C /* LaunchScreen.storyboard */,
			);
			path = Storyboards;
			sourceTree = "<group>";
		};
		23A071001F49ABC90063902C /* SupportingFiles */ = {
			isa = PBXGroup;
			children = (
				23A071011F49ABC90063902C /* AppDelegate.swift */,
				23A071021F49ABC90063902C /* Assets.xcassets */,
				23A071041F49ABC90063902C /* Info.plist */,
				23A071061F49ABC90063902C /* PhotoZone-Bridging-Header.h */,
				23A071071F49ABC90063902C /* tableViewEnumrationStylr.playground */,
			);
			path = SupportingFiles;
			sourceTree = "<group>";
		};
		23A071081F49ABC90063902C /* Utilities */ = {
			isa = PBXGroup;
			children = (
				23A071091F49ABC90063902C /* NVActivityIndicatorView */,
				23A071321F49ABC90063902C /* Utilities.swift */,
				2372DC861F4FBB600079D215 /* Colors.swift */,
				2372DC871F4FBB600079D215 /* Singleton.swift */,
				2372DC8C1F4FBBF40079D215 /* Enums.swift */,
				2372DC881F4FBB600079D215 /* Strings.swift */,
				2372DC7F1F4FB72B0079D215 /* Identifier.swift */,
			);
			path = Utilities;
			sourceTree = "<group>";
		};
		23A071091F49ABC90063902C /* NVActivityIndicatorView */ = {
			isa = PBXGroup;
			children = (
				23A0710A1F49ABC90063902C /* Animations */,
				23A0712B1F49ABC90063902C /* Info.plist */,
				23A0712C1F49ABC90063902C /* NVActivityIndicatorAnimationDelegate.swift */,
				23A0712D1F49ABC90063902C /* NVActivityIndicatorPresenter.swift */,
				23A0712E1F49ABC90063902C /* NVActivityIndicatorShape.swift */,
				23A0712F1F49ABC90063902C /* NVActivityIndicatorView.h */,
				23A071301F49ABC90063902C /* NVActivityIndicatorView.swift */,
				23A071311F49ABC90063902C /* NVActivityIndicatorViewable.swift */,
			);
			path = NVActivityIndicatorView;
			sourceTree = "<group>";
		};
		23A0710A1F49ABC90063902C /* Animations */ = {
			isa = PBXGroup;
			children = (
				23A0710B1F49ABC90063902C /* NVActivityIndicatorAnimationAudioEqualizer.swift */,
				23A0710C1F49ABC90063902C /* NVActivityIndicatorAnimationBallBeat.swift */,
				23A0710D1F49ABC90063902C /* NVActivityIndicatorAnimationBallClipRotate.swift */,
				23A0710E1F49ABC90063902C /* NVActivityIndicatorAnimationBallClipRotateMultiple.swift */,
				23A0710F1F49ABC90063902C /* NVActivityIndicatorAnimationBallClipRotatePulse.swift */,
				23A071101F49ABC90063902C /* NVActivityIndicatorAnimationBallGridBeat.swift */,
				23A071111F49ABC90063902C /* NVActivityIndicatorAnimationBallGridPulse.swift */,
				23A071121F49ABC90063902C /* NVActivityIndicatorAnimationBallPulse.swift */,
				23A071131F49ABC90063902C /* NVActivityIndicatorAnimationBallPulseRise.swift */,
				23A071141F49ABC90063902C /* NVActivityIndicatorAnimationBallPulseSync.swift */,
				23A071151F49ABC90063902C /* NVActivityIndicatorAnimationBallRotate.swift */,
				23A071161F49ABC90063902C /* NVActivityIndicatorAnimationBallRotateChase.swift */,
				23A071171F49ABC90063902C /* NVActivityIndicatorAnimationBallScale.swift */,
				23A071181F49ABC90063902C /* NVActivityIndicatorAnimationBallScaleMultiple.swift */,
				23A071191F49ABC90063902C /* NVActivityIndicatorAnimationBallScaleRipple.swift */,
				23A0711A1F49ABC90063902C /* NVActivityIndicatorAnimationBallScaleRippleMultiple.swift */,
				23A0711B1F49ABC90063902C /* NVActivityIndicatorAnimationBallSpinFadeLoader.swift */,
				23A0711C1F49ABC90063902C /* NVActivityIndicatorAnimationBallTrianglePath.swift */,
				23A0711D1F49ABC90063902C /* NVActivityIndicatorAnimationBallZigZag.swift */,
				23A0711E1F49ABC90063902C /* NVActivityIndicatorAnimationBallZigZagDeflect.swift */,
				23A0711F1F49ABC90063902C /* NVActivityIndicatorAnimationBlank.swift */,
				23A071201F49ABC90063902C /* NVActivityIndicatorAnimationCubeTransition.swift */,
				23A071211F49ABC90063902C /* NVActivityIndicatorAnimationLineScale.swift */,
				23A071221F49ABC90063902C /* NVActivityIndicatorAnimationLineScaleParty.swift */,
				23A071231F49ABC90063902C /* NVActivityIndicatorAnimationLineScalePulseOut.swift */,
				23A071241F49ABC90063902C /* NVActivityIndicatorAnimationLineScalePulseOutRapid.swift */,
				23A071251F49ABC90063902C /* NVActivityIndicatorAnimationLineSpinFadeLoader.swift */,
				23A071261F49ABC90063902C /* NVActivityIndicatorAnimationOrbit.swift */,
				23A071271F49ABC90063902C /* NVActivityIndicatorAnimationPacman.swift */,
				23A071281F49ABC90063902C /* NVActivityIndicatorAnimationSemiCircleSpin.swift */,
				23A071291F49ABC90063902C /* NVActivityIndicatorAnimationSquareSpin.swift */,
				23A0712A1F49ABC90063902C /* NVActivityIndicatorAnimationTriangleSkewSpin.swift */,
			);
			path = Animations;
			sourceTree = "<group>";
		};
		2A0B61F31EE76DC400748DE8 = {
			isa = PBXGroup;
			children = (
				23A070C31F49ABC90063902C /* PhotoZone */,
				2A0B61FD1EE76DC400748DE8 /* Products */,
				C6745672F8BC4EFB119D15FB /* Pods */,
				B53598375D1F60DCF2959472 /* Frameworks */,
			);
			sourceTree = "<group>";
		};
		2A0B61FD1EE76DC400748DE8 /* Products */ = {
			isa = PBXGroup;
			children = (
				2A0B61FC1EE76DC400748DE8 /* PhotoZone.app */,
			);
			name = Products;
			sourceTree = "<group>";
		};
		B53598375D1F60DCF2959472 /* Frameworks */ = {
			isa = PBXGroup;
			children = (
				67F6D21BC6B110316F7E3F55 /* Pods_PhotoZone.framework */,
			);
			name = Frameworks;
			sourceTree = "<group>";
		};
		C6745672F8BC4EFB119D15FB /* Pods */ = {
			isa = PBXGroup;
			children = (
				63729EAFE026BE9C46A58D6F /* Pods-PhotoZone.debug.xcconfig */,
				9DEAF09C74211D29F2815F4F /* Pods-PhotoZone.release.xcconfig */,
			);
			name = Pods;
			sourceTree = "<group>";
		};
/* End PBXGroup section */

/* Begin PBXNativeTarget section */
		2A0B61FB1EE76DC400748DE8 /* PhotoZone */ = {
			isa = PBXNativeTarget;
			buildConfigurationList = 2A0B620E1EE76DC400748DE8 /* Build configuration list for PBXNativeTarget "PhotoZone" */;
			buildPhases = (
				13D4E86E7D984B1009BCE73C /* [CP] Check Pods Manifest.lock */,
				2A0B61F81EE76DC400748DE8 /* Sources */,
				2A0B61F91EE76DC400748DE8 /* Frameworks */,
				2A0B61FA1EE76DC400748DE8 /* Resources */,
				5AC139E3526C10CB6EF50456 /* [CP] Embed Pods Frameworks */,
				5E9038ADD05DBB76198369BC /* [CP] Copy Pods Resources */,
			);
			buildRules = (
			);
			dependencies = (
			);
			name = PhotoZone;
			productName = PhotoZone;
			productReference = 2A0B61FC1EE76DC400748DE8 /* PhotoZone.app */;
			productType = "com.apple.product-type.application";
		};
/* End PBXNativeTarget section */

/* Begin PBXProject section */
		2A0B61F41EE76DC400748DE8 /* Project object */ = {
			isa = PBXProject;
			attributes = {
				LastSwiftUpdateCheck = 0810;
				LastUpgradeCheck = 0830;
				ORGANIZATIONNAME = "Magdy Zamel";
				TargetAttributes = {
					2A0B61FB1EE76DC400748DE8 = {
						CreatedOnToolsVersion = 8.1;
						LastSwiftMigration = 0830;
						ProvisioningStyle = Automatic;
					};
				};
			};
			buildConfigurationList = 2A0B61F71EE76DC400748DE8 /* Build configuration list for PBXProject "PhotoZone" */;
			compatibilityVersion = "Xcode 3.2";
			developmentRegion = English;
			hasScannedForEncodings = 0;
			knownRegions = (
				en,
				Base,
			);
			mainGroup = 2A0B61F31EE76DC400748DE8;
			productRefGroup = 2A0B61FD1EE76DC400748DE8 /* Products */;
			projectDirPath = "";
			projectRoot = "";
			targets = (
				2A0B61FB1EE76DC400748DE8 /* PhotoZone */,
			);
		};
/* End PBXProject section */

/* Begin PBXResourcesBuildPhase section */
		2A0B61FA1EE76DC400748DE8 /* Resources */ = {
			isa = PBXResourcesBuildPhase;
			buildActionMask = 2147483647;
			files = (
				23A0715D1F49ABC90063902C /* Info.plist in Resources */,
				23A0715B1F49ABC90063902C /* Assets.xcassets in Resources */,
				23A071591F49ABC90063902C /* LaunchScreen.storyboard in Resources */,
				23A0717E1F49ABC90063902C /* Info.plist in Resources */,
			);
			runOnlyForDeploymentPostprocessing = 0;
		};
/* End PBXResourcesBuildPhase section */

/* Begin PBXShellScriptBuildPhase section */
		13D4E86E7D984B1009BCE73C /* [CP] Check Pods Manifest.lock */ = {
			isa = PBXShellScriptBuildPhase;
			buildActionMask = 2147483647;
			files = (
			);
			inputPaths = (
			);
			name = "[CP] Check Pods Manifest.lock";
			outputPaths = (
			);
			runOnlyForDeploymentPostprocessing = 0;
			shellPath = /bin/sh;
			shellScript = "diff \"${PODS_PODFILE_DIR_PATH}/Podfile.lock\" \"${PODS_ROOT}/Manifest.lock\" > /dev/null\nif [ $? != 0 ] ; then\n    # print error to STDERR\n    echo \"error: The sandbox is not in sync with the Podfile.lock. Run 'pod install' or update your CocoaPods installation.\" >&2\n    exit 1\nfi\n";
			showEnvVarsInLog = 0;
		};
		5AC139E3526C10CB6EF50456 /* [CP] Embed Pods Frameworks */ = {
			isa = PBXShellScriptBuildPhase;
			buildActionMask = 2147483647;
			files = (
			);
			inputPaths = (
			);
			name = "[CP] Embed Pods Frameworks";
			outputPaths = (
			);
			runOnlyForDeploymentPostprocessing = 0;
			shellPath = /bin/sh;
			shellScript = "\"${SRCROOT}/Pods/Target Support Files/Pods-PhotoZone/Pods-PhotoZone-frameworks.sh\"\n";
			showEnvVarsInLog = 0;
		};
		5E9038ADD05DBB76198369BC /* [CP] Copy Pods Resources */ = {
			isa = PBXShellScriptBuildPhase;
			buildActionMask = 2147483647;
			files = (
			);
			inputPaths = (
			);
			name = "[CP] Copy Pods Resources";
			outputPaths = (
			);
			runOnlyForDeploymentPostprocessing = 0;
			shellPath = /bin/sh;
			shellScript = "\"${SRCROOT}/Pods/Target Support Files/Pods-PhotoZone/Pods-PhotoZone-resources.sh\"\n";
			showEnvVarsInLog = 0;
		};
/* End PBXShellScriptBuildPhase section */

/* Begin PBXSourcesBuildPhase section */
		2A0B61F81EE76DC400748DE8 /* Sources */ = {
			isa = PBXSourcesBuildPhase;
			buildActionMask = 2147483647;
			files = (
				23A071701F49ABC90063902C /* NVActivityIndicatorAnimationBallZigZag.swift in Sources */,
				23A071421F49ABC90063902C /* Photo.swift in Sources */,
				23A071841F49ABC90063902C /* Utilities.swift in Sources */,
				23A0714D1F49ABC90063902C /* ImageFullScreenPresenter.swift in Sources */,
				23A071501F49ABC90063902C /* SearchPresenter.swift in Sources */,
				23A0714B1F49ABC90063902C /* PageVC.swift in Sources */,
				23A071651F49ABC90063902C /* NVActivityIndicatorAnimationBallPulse.swift in Sources */,
				23A071641F49ABC90063902C /* NVActivityIndicatorAnimationBallGridPulse.swift in Sources */,
				23A071481F49ABC90063902C /* BaseVC.swift in Sources */,
				23A071531F49ABC90063902C /* ThumbCell.swift in Sources */,
				23A0716E1F49ABC90063902C /* NVActivityIndicatorAnimationBallSpinFadeLoader.swift in Sources */,
				23A0714E1F49ABC90063902C /* ImageFullScreenVC.swift in Sources */,
				23A0714A1F49ABC90063902C /* PagePresenter.swift in Sources */,
				23A0714C1F49ABC90063902C /* PageViewProtocol.swift in Sources */,
				23A071781F49ABC90063902C /* NVActivityIndicatorAnimationLineSpinFadeLoader.swift in Sources */,
				23A071341F49ABC90063902C /* AppCoordinator.swift in Sources */,
				23A071821F49ABC90063902C /* NVActivityIndicatorView.swift in Sources */,
				23A071771F49ABC90063902C /* NVActivityIndicatorAnimationLineScalePulseOutRapid.swift in Sources */,
				23A071551F49ABC90063902C /* OfflineRepository.swift in Sources */,
				23A071561F49ABC90063902C /* PhotosOfflineRepoProtocal.swift in Sources */,
				23A071751F49ABC90063902C /* NVActivityIndicatorAnimationLineScaleParty.swift in Sources */,
				23A0715F1F49ABC90063902C /* NVActivityIndicatorAnimationBallBeat.swift in Sources */,
				23A071801F49ABC90063902C /* NVActivityIndicatorPresenter.swift in Sources */,
				23A0717F1F49ABC90063902C /* NVActivityIndicatorAnimationDelegate.swift in Sources */,
				23A0716B1F49ABC90063902C /* NVActivityIndicatorAnimationBallScaleMultiple.swift in Sources */,
				23A071791F49ABC90063902C /* NVActivityIndicatorAnimationOrbit.swift in Sources */,
				23A071331F49ABC90063902C /* APIService.swift in Sources */,
				2372DC891F4FBB600079D215 /* Colors.swift in Sources */,
				23A0717D1F49ABC90063902C /* NVActivityIndicatorAnimationTriangleSkewSpin.swift in Sources */,
				23A0717B1F49ABC90063902C /* NVActivityIndicatorAnimationSemiCircleSpin.swift in Sources */,
				23A0716D1F49ABC90063902C /* NVActivityIndicatorAnimationBallScaleRippleMultiple.swift in Sources */,
				23A071571F49ABC90063902C /* PhotosRepoProtocal.swift in Sources */,
				2372DC8D1F4FBBF40079D215 /* Enums.swift in Sources */,
				23A071541F49ABC90063902C /* TabBarVC.swift in Sources */,
				23A071581F49ABC90063902C /* PhotosRepository.swift in Sources */,
				23A071731F49ABC90063902C /* NVActivityIndicatorAnimationCubeTransition.swift in Sources */,
				23A071611F49ABC90063902C /* NVActivityIndicatorAnimationBallClipRotateMultiple.swift in Sources */,
				23A071431F49ABC90063902C /* PhotosModel.swift in Sources */,
				23A0715E1F49ABC90063902C /* NVActivityIndicatorAnimationAudioEqualizer.swift in Sources */,
				23A0715A1F49ABC90063902C /* AppDelegate.swift in Sources */,
				23A071811F49ABC90063902C /* NVActivityIndicatorShape.swift in Sources */,
				23A071671F49ABC90063902C /* NVActivityIndicatorAnimationBallPulseSync.swift in Sources */,
				23A071831F49ABC90063902C /* NVActivityIndicatorViewable.swift in Sources */,
				23A071721F49ABC90063902C /* NVActivityIndicatorAnimationBlank.swift in Sources */,
				23A071511F49ABC90063902C /* SearchVC.swift in Sources */,
				23A0714F1F49ABC90063902C /* ImageFullScreenViewProtocol.swift in Sources */,
				23A071631F49ABC90063902C /* NVActivityIndicatorAnimationBallGridBeat.swift in Sources */,
				23A0716A1F49ABC90063902C /* NVActivityIndicatorAnimationBallScale.swift in Sources */,
				2372DC801F4FB72B0079D215 /* Identifier.swift in Sources */,
				2372DC851F4FBA7A0079D215 /* TitleCell.swift in Sources */,
				23A071601F49ABC90063902C /* NVActivityIndicatorAnimationBallClipRotate.swift in Sources */,
				23A0713A1F49ABC90063902C /* TabBarCoordinator.swift in Sources */,
				23A071691F49ABC90063902C /* NVActivityIndicatorAnimationBallRotateChase.swift in Sources */,
				23A071381F49ABC90063902C /* Coordinator.swift in Sources */,
				23A0D50E1F4F45D00010D769 /* PageTabsVC.swift in Sources */,
				23A071761F49ABC90063902C /* NVActivityIndicatorAnimationLineScalePulseOut.swift in Sources */,
				23A0717A1F49ABC90063902C /* NVActivityIndicatorAnimationPacman.swift in Sources */,
				23A071491F49ABC90063902C /* HomeVC.swift in Sources */,
				23A071521F49ABC90063902C /* SearchViewProtocol.swift in Sources */,
				23A071741F49ABC90063902C /* NVActivityIndicatorAnimationLineScale.swift in Sources */,
				23A0717C1F49ABC90063902C /* NVActivityIndicatorAnimationSquareSpin.swift in Sources */,
				23A0716C1F49ABC90063902C /* NVActivityIndicatorAnimationBallScaleRipple.swift in Sources */,
				23A0713C1F49ABC90063902C /* DetailsPresentable.swift in Sources */,
				2372DC8B1F4FBB600079D215 /* Strings.swift in Sources */,
				23A0713B1F49ABC90063902C /* SearchCoordinator.swift in Sources */,
				23A071361F49ABC90063902C /* ImageFullScreenCoordinator.swift in Sources */,
				23A071441F49ABC90063902C /* User.swift in Sources */,
				23A0716F1F49ABC90063902C /* NVActivityIndicatorAnimationBallTrianglePath.swift in Sources */,
				23A071371F49ABC90063902C /* MainTabCoordinator.swift in Sources */,
				23A0D50C1F4F1B950010D769 /* HomePresenter.swift in Sources */,
				23A071681F49ABC90063902C /* NVActivityIndicatorAnimationBallRotate.swift in Sources */,
				23A071621F49ABC90063902C /* NVActivityIndicatorAnimationBallClipRotatePulse.swift in Sources */,
				23A071351F49ABC90063902C /* HomeCoordinator.swift in Sources */,
				23A071711F49ABC90063902C /* NVActivityIndicatorAnimationBallZigZagDeflect.swift in Sources */,
				23A071391F49ABC90063902C /* NavigationCoordinator.swift in Sources */,
				2372DC8A1F4FBB600079D215 /* Singleton.swift in Sources */,
				23A071661F49ABC90063902C /* NVActivityIndicatorAnimationBallPulseRise.swift in Sources */,
			);
			runOnlyForDeploymentPostprocessing = 0;
		};
/* End PBXSourcesBuildPhase section */

/* Begin XCBuildConfiguration section */
		2A0B620C1EE76DC400748DE8 /* Debug */ = {
			isa = XCBuildConfiguration;
			buildSettings = {
				ALWAYS_SEARCH_USER_PATHS = NO;
				CLANG_ANALYZER_NONNULL = YES;
				CLANG_CXX_LANGUAGE_STANDARD = "gnu++0x";
				CLANG_CXX_LIBRARY = "libc++";
				CLANG_ENABLE_MODULES = YES;
				CLANG_ENABLE_OBJC_ARC = YES;
				CLANG_WARN_BOOL_CONVERSION = YES;
				CLANG_WARN_CONSTANT_CONVERSION = YES;
				CLANG_WARN_DIRECT_OBJC_ISA_USAGE = YES_ERROR;
				CLANG_WARN_DOCUMENTATION_COMMENTS = YES;
				CLANG_WARN_EMPTY_BODY = YES;
				CLANG_WARN_ENUM_CONVERSION = YES;
				CLANG_WARN_INFINITE_RECURSION = YES;
				CLANG_WARN_INT_CONVERSION = YES;
				CLANG_WARN_OBJC_ROOT_CLASS = YES_ERROR;
				CLANG_WARN_SUSPICIOUS_MOVE = YES;
				CLANG_WARN_SUSPICIOUS_MOVES = YES;
				CLANG_WARN_UNREACHABLE_CODE = YES;
				CLANG_WARN__DUPLICATE_METHOD_MATCH = YES;
				"CODE_SIGN_IDENTITY[sdk=iphoneos*]" = "iPhone Developer";
				COPY_PHASE_STRIP = NO;
				DEBUG_INFORMATION_FORMAT = dwarf;
				ENABLE_STRICT_OBJC_MSGSEND = YES;
				ENABLE_TESTABILITY = YES;
				GCC_C_LANGUAGE_STANDARD = gnu99;
				GCC_DYNAMIC_NO_PIC = NO;
				GCC_NO_COMMON_BLOCKS = YES;
				GCC_OPTIMIZATION_LEVEL = 0;
				GCC_PREPROCESSOR_DEFINITIONS = (
					"DEBUG=1",
					"$(inherited)",
				);
				GCC_WARN_64_TO_32_BIT_CONVERSION = YES;
				GCC_WARN_ABOUT_RETURN_TYPE = YES_ERROR;
				GCC_WARN_UNDECLARED_SELECTOR = YES;
				GCC_WARN_UNINITIALIZED_AUTOS = YES_AGGRESSIVE;
				GCC_WARN_UNUSED_FUNCTION = YES;
				GCC_WARN_UNUSED_VARIABLE = YES;
				IPHONEOS_DEPLOYMENT_TARGET = 10.1;
				MTL_ENABLE_DEBUG_INFO = YES;
				ONLY_ACTIVE_ARCH = YES;
				SDKROOT = iphoneos;
				SWIFT_ACTIVE_COMPILATION_CONDITIONS = DEBUG;
				SWIFT_OPTIMIZATION_LEVEL = "-Onone";
				TARGETED_DEVICE_FAMILY = "1,2";
			};
			name = Debug;
		};
		2A0B620D1EE76DC400748DE8 /* Release */ = {
			isa = XCBuildConfiguration;
			buildSettings = {
				ALWAYS_SEARCH_USER_PATHS = NO;
				CLANG_ANALYZER_NONNULL = YES;
				CLANG_CXX_LANGUAGE_STANDARD = "gnu++0x";
				CLANG_CXX_LIBRARY = "libc++";
				CLANG_ENABLE_MODULES = YES;
				CLANG_ENABLE_OBJC_ARC = YES;
				CLANG_WARN_BOOL_CONVERSION = YES;
				CLANG_WARN_CONSTANT_CONVERSION = YES;
				CLANG_WARN_DIRECT_OBJC_ISA_USAGE = YES_ERROR;
				CLANG_WARN_DOCUMENTATION_COMMENTS = YES;
				CLANG_WARN_EMPTY_BODY = YES;
				CLANG_WARN_ENUM_CONVERSION = YES;
				CLANG_WARN_INFINITE_RECURSION = YES;
				CLANG_WARN_INT_CONVERSION = YES;
				CLANG_WARN_OBJC_ROOT_CLASS = YES_ERROR;
				CLANG_WARN_SUSPICIOUS_MOVE = YES;
				CLANG_WARN_SUSPICIOUS_MOVES = YES;
				CLANG_WARN_UNREACHABLE_CODE = YES;
				CLANG_WARN__DUPLICATE_METHOD_MATCH = YES;
				"CODE_SIGN_IDENTITY[sdk=iphoneos*]" = "iPhone Developer";
				COPY_PHASE_STRIP = NO;
				DEBUG_INFORMATION_FORMAT = "dwarf-with-dsym";
				ENABLE_NS_ASSERTIONS = NO;
				ENABLE_STRICT_OBJC_MSGSEND = YES;
				GCC_C_LANGUAGE_STANDARD = gnu99;
				GCC_NO_COMMON_BLOCKS = YES;
				GCC_WARN_64_TO_32_BIT_CONVERSION = YES;
				GCC_WARN_ABOUT_RETURN_TYPE = YES_ERROR;
				GCC_WARN_UNDECLARED_SELECTOR = YES;
				GCC_WARN_UNINITIALIZED_AUTOS = YES_AGGRESSIVE;
				GCC_WARN_UNUSED_FUNCTION = YES;
				GCC_WARN_UNUSED_VARIABLE = YES;
				IPHONEOS_DEPLOYMENT_TARGET = 10.1;
				MTL_ENABLE_DEBUG_INFO = NO;
				SDKROOT = iphoneos;
				SWIFT_OPTIMIZATION_LEVEL = "-Owholemodule";
				TARGETED_DEVICE_FAMILY = "1,2";
				VALIDATE_PRODUCT = YES;
			};
			name = Release;
		};
		2A0B620F1EE76DC400748DE8 /* Debug */ = {
			isa = XCBuildConfiguration;
			baseConfigurationReference = 63729EAFE026BE9C46A58D6F /* Pods-PhotoZone.debug.xcconfig */;
			buildSettings = {
				ASSETCATALOG_COMPILER_APPICON_NAME = AppIcon;
				CLANG_ENABLE_MODULES = YES;
				INFOPLIST_FILE = PhotoZone/SupportingFiles/Info.plist;
				LD_RUNPATH_SEARCH_PATHS = "$(inherited) @executable_path/Frameworks";
				PRODUCT_BUNDLE_IDENTIFIER = msz.PhotoZone;
				PRODUCT_NAME = "$(TARGET_NAME)";
				SWIFT_OBJC_BRIDGING_HEADER = "PhotoZone/SupportingFiles/PhotoZone-Bridging-Header.h";
				SWIFT_OPTIMIZATION_LEVEL = "-Onone";
				SWIFT_VERSION = 3.0;
			};
			name = Debug;
		};
		2A0B62101EE76DC400748DE8 /* Release */ = {
			isa = XCBuildConfiguration;
			baseConfigurationReference = 9DEAF09C74211D29F2815F4F /* Pods-PhotoZone.release.xcconfig */;
			buildSettings = {
				ASSETCATALOG_COMPILER_APPICON_NAME = AppIcon;
				CLANG_ENABLE_MODULES = YES;
				INFOPLIST_FILE = PhotoZone/SupportingFiles/Info.plist;
				LD_RUNPATH_SEARCH_PATHS = "$(inherited) @executable_path/Frameworks";
				PRODUCT_BUNDLE_IDENTIFIER = msz.PhotoZone;
				PRODUCT_NAME = "$(TARGET_NAME)";
				SWIFT_OBJC_BRIDGING_HEADER = "PhotoZone/SupportingFiles/PhotoZone-Bridging-Header.h";
				SWIFT_VERSION = 3.0;
			};
			name = Release;
		};
/* End XCBuildConfiguration section */

/* Begin XCConfigurationList section */
		2A0B61F71EE76DC400748DE8 /* Build configuration list for PBXProject "PhotoZone" */ = {
			isa = XCConfigurationList;
			buildConfigurations = (
				2A0B620C1EE76DC400748DE8 /* Debug */,
				2A0B620D1EE76DC400748DE8 /* Release */,
			);
			defaultConfigurationIsVisible = 0;
			defaultConfigurationName = Release;
		};
		2A0B620E1EE76DC400748DE8 /* Build configuration list for PBXNativeTarget "PhotoZone" */ = {
			isa = XCConfigurationList;
			buildConfigurations = (
				2A0B620F1EE76DC400748DE8 /* Debug */,
				2A0B62101EE76DC400748DE8 /* Release */,
			);
			defaultConfigurationIsVisible = 0;
			defaultConfigurationName = Release;
		};
/* End XCConfigurationList section */
	};
	rootObject = 2A0B61F41EE76DC400748DE8 /* Project object */;
}
